
Microsoft Visual Studio Solution File, Format Version 12.00
# Visual Studio Version 17
VisualStudioVersion = 17.6.33815.320
MinimumVisualStudioVersion = 10.0.40219.1
Project("{FAE04EC0-301F-11D3-BF4B-00C04F79EFBC}") = "SpyGame", "SpyGame.csproj", "{8E706D01-57C0-40C3-B308-BD01812E735A}"
EndProject
Global
	GlobalSection(SolutionConfigurationPlatforms) = preSolution
		Debug|Any CPU = Debug|Any CPU
		Release|Any CPU = Release|Any CPU
	EndGlobalSection
	GlobalSection(ProjectConfigurationPlatforms) = postSolution
		{8E706D01-57C0-40C3-B308-BD01812E735A}.Debug|Any CPU.ActiveCfg = Debug|Any CPU
		{8E706D01-57C0-40C3-B308-BD01812E735A}.Debug|Any CPU.Build.0 = Debug|Any CPU
		{8E706D01-57C0-40C3-B308-BD01812E735A}.Release|Any CPU.ActiveCfg = Release|Any CPU
		{8E706D01-57C0-40C3-B308-BD01812E735A}.Release|Any CPU.Build.0 = Release|Any CPU
	EndGlobalSection
	GlobalSection(SolutionProperties) = preSolution
		HideSolutionNode = FALSE
	EndGlobalSection
	GlobalSection(ExtensibilityGlobals) = postSolution
		SolutionGuid = {260BBEDB-7F45-4C05-BD8F-B846DCD7BC93}
	EndGlobalSection
EndGlobal
